<?xml version="1.0" encoding="utf-8"?>
<Project ToolsVersion="15.0" xmlns="http://schemas.microsoft.com/developer/msbuild/2003">
  <ItemGroup>
    <ClCompile Include="C:\Users\ak1\Documents\Source Code\AMO-Tools-Suite\AMO-Tools-Suite\tests\main.unit.cpp">
      <Filter>Source Files</Filter>
    </ClCompile>
    <ClCompile Include="C:\Users\ak1\Documents\Source Code\AMO-Tools-Suite\AMO-Tools-Suite\tests\OptimalSpecificSpeedCorrection.unit.cpp">
      <Filter>Source Files</Filter>
    </ClCompile>
    <ClCompile Include="C:\Users\ak1\Documents\Source Code\AMO-Tools-Suite\AMO-Tools-Suite\tests\MotorEfficiency.unit.cpp">
      <Filter>Source Files</Filter>
    </ClCompile>
    <ClCompile Include="C:\Users\ak1\Documents\Source Code\AMO-Tools-Suite\AMO-Tools-Suite\tests\Results.unit.cpp">
      <Filter>Source Files</Filter>
    </ClCompile>
    <ClCompile Include="C:\Users\ak1\Documents\Source Code\AMO-Tools-Suite\AMO-Tools-Suite\tests\SolidLoadChargeMaterial.unit.cpp">
      <Filter>Source Files</Filter>
    </ClCompile>
    <ClCompile Include="C:\Users\ak1\Documents\Source Code\AMO-Tools-Suite\AMO-Tools-Suite\tests\LiquidLoadChargeMaterial.unit.cpp">
      <Filter>Source Files</Filter>
    </ClCompile>
    <ClCompile Include="C:\Users\ak1\Documents\Source Code\AMO-Tools-Suite\AMO-Tools-Suite\tests\Atmosphere.unit.cpp">
      <Filter>Source Files</Filter>
    </ClCompile>
    <ClCompile Include="C:\Users\ak1\Documents\Source Code\AMO-Tools-Suite\AMO-Tools-Suite\tests\FixtureLosses.unit.cpp">
      <Filter>Source Files</Filter>
    </ClCompile>
    <ClCompile Include="C:\Users\ak1\Documents\Source Code\AMO-Tools-Suite\AMO-Tools-Suite\tests\GasLoadChargeMaterial.unit.cpp">
      <Filter>Source Files</Filter>
    </ClCompile>
    <ClCompile Include="C:\Users\ak1\Documents\Source Code\AMO-Tools-Suite\AMO-Tools-Suite\tests\GasCoolingLosses.unit.cpp">
      <Filter>Source Files</Filter>
    </ClCompile>
    <ClCompile Include="C:\Users\ak1\Documents\Source Code\AMO-Tools-Suite\AMO-Tools-Suite\tests\LiquidCoolingLosses.unit.cpp">
      <Filter>Source Files</Filter>
    </ClCompile>
    <ClCompile Include="C:\Users\ak1\Documents\Source Code\AMO-Tools-Suite\AMO-Tools-Suite\tests\WaterCoolingLosses.unit.cpp">
      <Filter>Source Files</Filter>
    </ClCompile>
    <ClCompile Include="C:\Users\ak1\Documents\Source Code\AMO-Tools-Suite\AMO-Tools-Suite\tests\LeakageLosses.unit.cpp">
      <Filter>Source Files</Filter>
    </ClCompile>
    <ClCompile Include="C:\Users\ak1\Documents\Source Code\AMO-Tools-Suite\AMO-Tools-Suite\tests\WallLosses.unit.cpp">
      <Filter>Source Files</Filter>
    </ClCompile>
    <ClCompile Include="C:\Users\ak1\Documents\Source Code\AMO-Tools-Suite\AMO-Tools-Suite\tests\OpeningLosses.unit.cpp">
      <Filter>Source Files</Filter>
    </ClCompile>
    <ClCompile Include="C:\Users\ak1\Documents\Source Code\AMO-Tools-Suite\AMO-Tools-Suite\tests\GasFlueGasMaterial.unit.cpp">
      <Filter>Source Files</Filter>
    </ClCompile>
    <ClCompile Include="C:\Users\ak1\Documents\Source Code\AMO-Tools-Suite\AMO-Tools-Suite\tests\HeadTool.unit.cpp">
      <Filter>Source Files</Filter>
    </ClCompile>
    <ClCompile Include="C:\Users\ak1\Documents\Source Code\AMO-Tools-Suite\AMO-Tools-Suite\tests\EnergyInputEAF.unit.cpp">
      <Filter>Source Files</Filter>
    </ClCompile>
    <ClCompile Include="C:\Users\ak1\Documents\Source Code\AMO-Tools-Suite\AMO-Tools-Suite\tests\SQLite.unit.cpp">
      <Filter>Source Files</Filter>
    </ClCompile>
    <ClCompile Include="C:\Users\ak1\Documents\Source Code\AMO-Tools-Suite\AMO-Tools-Suite\tests\SolidLiquidFlueGasMaterial.unit.cpp">
      <Filter>Source Files</Filter>
    </ClCompile>
    <ClCompile Include="C:\Users\ak1\Documents\Source Code\AMO-Tools-Suite\AMO-Tools-Suite\tests\AuxiliaryPower.unit.cpp">
      <Filter>Source Files</Filter>
    </ClCompile>
    <ClCompile Include="C:\Users\ak1\Documents\Source Code\AMO-Tools-Suite\AMO-Tools-Suite\tests\SlagOtherMaterialLosses.unit.cpp">
      <Filter>Source Files</Filter>
    </ClCompile>
    <ClCompile Include="C:\Users\ak1\Documents\Source Code\AMO-Tools-Suite\AMO-Tools-Suite\tests\ExhaustGasEAF.unit.cpp">
      <Filter>Source Files</Filter>
    </ClCompile>
    <ClCompile Include="C:\Users\ak1\Documents\Source Code\AMO-Tools-Suite\AMO-Tools-Suite\tests\EnergyEquivalency.unit.cpp">
      <Filter>Source Files</Filter>
    </ClCompile>
    <ClCompile Include="C:\Users\ak1\Documents\Source Code\AMO-Tools-Suite\AMO-Tools-Suite\tests\EfficiencyImprovement.unit.cpp">
      <Filter>Source Files</Filter>
    </ClCompile>
    <ClCompile Include="C:\Users\ak1\Documents\Source Code\AMO-Tools-Suite\AMO-Tools-Suite\tests\O2Enrichment.unit.cpp">
      <Filter>Source Files</Filter>
    </ClCompile>
    <ClCompile Include="C:\Users\ak1\Documents\Source Code\AMO-Tools-Suite\AMO-Tools-Suite\tests\FlowCalculationsEnergyUse.unit.cpp">
      <Filter>Source Files</Filter>
    </ClCompile>
    <ClCompile Include="C:\Users\ak1\Documents\Source Code\AMO-Tools-Suite\AMO-Tools-Suite\tests\EnergyInputExhaustGasLosses.unit.cpp">
      <Filter>Source Files</Filter>
    </ClCompile>
    <ClCompile Include="C:\Users\ak1\Documents\Source Code\AMO-Tools-Suite\AMO-Tools-Suite\tests\HumidityRatio.unit.cpp">
      <Filter>Source Files</Filter>
    </ClCompile>
    <ClCompile Include="C:\Users\ak1\Documents\Source Code\AMO-Tools-Suite\AMO-Tools-Suite\tests\SaturatedProperties.unit.cpp">
      <Filter>Source Files</Filter>
    </ClCompile>
    <ClCompile Include="C:\Users\ak1\Documents\Source Code\AMO-Tools-Suite\AMO-Tools-Suite\tests\SteamProperties.unit.cpp">
      <Filter>Source Files</Filter>
    </ClCompile>
    <ClCompile Include="C:\Users\ak1\Documents\Source Code\AMO-Tools-Suite\AMO-Tools-Suite\tests\Boiler.unit.cpp">
      <Filter>Source Files</Filter>
    </ClCompile>
    <ClCompile Include="C:\Users\ak1\Documents\Source Code\AMO-Tools-Suite\AMO-Tools-Suite\tests\HeatLoss.unit.cpp">
      <Filter>Source Files</Filter>
    </ClCompile>
    <ClCompile Include="C:\Users\ak1\Documents\Source Code\AMO-Tools-Suite\AMO-Tools-Suite\tests\FlashTank.unit.cpp">
      <Filter>Source Files</Filter>
    </ClCompile>
    <ClCompile Include="C:\Users\ak1\Documents\Source Code\AMO-Tools-Suite\AMO-Tools-Suite\tests\PRV.unit.cpp">
      <Filter>Source Files</Filter>
    </ClCompile>
    <ClCompile Include="C:\Users\ak1\Documents\Source Code\AMO-Tools-Suite\AMO-Tools-Suite\tests\Deaerator.unit.cpp">
      <Filter>Source Files</Filter>
    </ClCompile>
    <ClCompile Include="C:\Users\ak1\Documents\Source Code\AMO-Tools-Suite\AMO-Tools-Suite\tests\Header.unit.cpp">
      <Filter>Source Files</Filter>
    </ClCompile>
    <ClCompile Include="C:\Users\ak1\Documents\Source Code\AMO-Tools-Suite\AMO-Tools-Suite\tests\Turbine.unit.cpp">
      <Filter>Source Files</Filter>
    </ClCompile>
    <ClCompile Include="C:\Users\ak1\Documents\Source Code\AMO-Tools-Suite\AMO-Tools-Suite\tests\Fan.unit.cpp">
      <Filter>Source Files</Filter>
    </ClCompile>
    <ClCompile Include="C:\Users\ak1\Documents\Source Code\AMO-Tools-Suite\AMO-Tools-Suite\tests\CHP.unit.cpp">
      <Filter>Source Files</Filter>
    </ClCompile>
    <ClCompile Include="C:\Users\ak1\Documents\Source Code\AMO-Tools-Suite\AMO-Tools-Suite\tests\CurveFitVal.unit.cpp">
      <Filter>Source Files</Filter>
    </ClCompile>
    <ClCompile Include="C:\Users\ak1\Documents\Source Code\AMO-Tools-Suite\AMO-Tools-Suite\tests\MotorCurrent.unit.cpp">
      <Filter>Source Files</Filter>
    </ClCompile>
    <ClCompile Include="C:\Users\ak1\Documents\Source Code\AMO-Tools-Suite\AMO-Tools-Suite\tests\CompressedAir.unit.cpp">
      <Filter>Source Files</Filter>
    </ClCompile>
    <ClCompile Include="C:\Users\ak1\Documents\Source Code\AMO-Tools-Suite\AMO-Tools-Suite\tests\FluidPower.unit.cpp">
      <Filter>Source Files</Filter>
    </ClCompile>
    <ClCompile Include="C:\Users\ak1\Documents\Source Code\AMO-Tools-Suite\AMO-Tools-Suite\tests\CompressibilityFactor.unit.cpp">
      <Filter>Source Files</Filter>
    </ClCompile>
    <ClCompile Include="C:\Users\ak1\Documents\Source Code\AMO-Tools-Suite\AMO-Tools-Suite\tests\OptimalFanEfficiency.unit.cpp">
      <Filter>Source Files</Filter>
    </ClCompile>
    <ClCompile Include="C:\Users\ak1\Documents\Source Code\AMO-Tools-Suite\AMO-Tools-Suite\tests\HeatExchanger.unit.cpp">
      <Filter>Source Files</Filter>
    </ClCompile>
    <ClCompile Include="C:\Users\ak1\Documents\Source Code\AMO-Tools-Suite\AMO-Tools-Suite\third_party\sqlite\sqlite3.c">
      <Filter>Source Files</Filter>
    </ClCompile>
  </ItemGroup>
  <ItemGroup>
    <ClInclude Include="C:\Users\ak1\Documents\Source Code\AMO-Tools-Suite\AMO-Tools-Suite\third_party\sqlite\sqlite3.h">
      <Filter>Header Files</Filter>
    </ClInclude>
  </ItemGroup>
  <ItemGroup>
    <CustomBuild Include="C:\Users\ak1\Documents\Source Code\AMO-Tools-Suite\AMO-Tools-Suite\CMakeLists.txt" />
  </ItemGroup>
  <ItemGroup>
    <Filter Include="Header Files">
      <UniqueIdentifier>{F2221DB3-E81B-384D-A089-0F93EC1715AE}</UniqueIdentifier>
    </Filter>
    <Filter Include="Source Files">
      <UniqueIdentifier>{74865579-A015-39DB-91F6-B8EEACD8E694}</UniqueIdentifier>
    </Filter>
  </ItemGroup>
</Project>
