Microsoft Visual Studio Solution File, Format Version 12.00
# Visual Studio 15
Project("{8BC9CEB8-8B4A-11D0-8D11-00A0C91BC942}") = "ALL_BUILD", "ALL_BUILD.vcxproj", "{D8DCD0F9-002B-3989-84A4-78AAA1C971B7}"
	ProjectSection(ProjectDependencies) = postProject
		{F6F89D71-8236-39EA-AE21-D0F0B2BE7362} = {F6F89D71-8236-39EA-AE21-D0F0B2BE7362}
		{C42A5964-4A04-32EA-85EF-14CB939A1605} = {C42A5964-4A04-32EA-85EF-14CB939A1605}
		{04BEB3DC-565F-3F39-9274-A973DBD154F1} = {04BEB3DC-565F-3F39-9274-A973DBD154F1}
		{A122E0FC-E388-365B-A36E-F6520108C58D} = {A122E0FC-E388-365B-A36E-F6520108C58D}
	EndProjectSection
EndProject
Project("{8BC9CEB8-8B4A-11D0-8D11-00A0C91BC942}") = "ZERO_CHECK", "ZERO_CHECK.vcxproj", "{F6F89D71-8236-39EA-AE21-D0F0B2BE7362}"
	ProjectSection(ProjectDependencies) = postProject
	EndProjectSection
EndProject
Project("{8BC9CEB8-8B4A-11D0-8D11-00A0C91BC942}") = "amo_tools_suite", "amo_tools_suite.vcxproj", "{C42A5964-4A04-32EA-85EF-14CB939A1605}"
	ProjectSection(ProjectDependencies) = postProject
		{F6F89D71-8236-39EA-AE21-D0F0B2BE7362} = {F6F89D71-8236-39EA-AE21-D0F0B2BE7362}
	EndProjectSection
EndProject
Project("{8BC9CEB8-8B4A-11D0-8D11-00A0C91BC942}") = "amo_tools_suite_main", "amo_tools_suite_main.vcxproj", "{04BEB3DC-565F-3F39-9274-A973DBD154F1}"
	ProjectSection(ProjectDependencies) = postProject
		{F6F89D71-8236-39EA-AE21-D0F0B2BE7362} = {F6F89D71-8236-39EA-AE21-D0F0B2BE7362}
		{C42A5964-4A04-32EA-85EF-14CB939A1605} = {C42A5964-4A04-32EA-85EF-14CB939A1605}
	EndProjectSection
EndProject
Project("{8BC9CEB8-8B4A-11D0-8D11-00A0C91BC942}") = "amo_tools_suite_tests", "amo_tools_suite_tests.vcxproj", "{A122E0FC-E388-365B-A36E-F6520108C58D}"
	ProjectSection(ProjectDependencies) = postProject
		{F6F89D71-8236-39EA-AE21-D0F0B2BE7362} = {F6F89D71-8236-39EA-AE21-D0F0B2BE7362}
		{C42A5964-4A04-32EA-85EF-14CB939A1605} = {C42A5964-4A04-32EA-85EF-14CB939A1605}
	EndProjectSection
EndProject
Global
	GlobalSection(SolutionConfigurationPlatforms) = preSolution
		Debug|Win32 = Debug|Win32
		Release|Win32 = Release|Win32
		MinSizeRel|Win32 = MinSizeRel|Win32
		RelWithDebInfo|Win32 = RelWithDebInfo|Win32
	EndGlobalSection
	GlobalSection(ProjectConfigurationPlatforms) = postSolution
		{D8DCD0F9-002B-3989-84A4-78AAA1C971B7}.Debug|Win32.ActiveCfg = Debug|Win32
		{D8DCD0F9-002B-3989-84A4-78AAA1C971B7}.Release|Win32.ActiveCfg = Release|Win32
		{D8DCD0F9-002B-3989-84A4-78AAA1C971B7}.MinSizeRel|Win32.ActiveCfg = MinSizeRel|Win32
		{D8DCD0F9-002B-3989-84A4-78AAA1C971B7}.RelWithDebInfo|Win32.ActiveCfg = RelWithDebInfo|Win32
		{F6F89D71-8236-39EA-AE21-D0F0B2BE7362}.Debug|Win32.ActiveCfg = Debug|Win32
		{F6F89D71-8236-39EA-AE21-D0F0B2BE7362}.Debug|Win32.Build.0 = Debug|Win32
		{F6F89D71-8236-39EA-AE21-D0F0B2BE7362}.Release|Win32.ActiveCfg = Release|Win32
		{F6F89D71-8236-39EA-AE21-D0F0B2BE7362}.Release|Win32.Build.0 = Release|Win32
		{F6F89D71-8236-39EA-AE21-D0F0B2BE7362}.MinSizeRel|Win32.ActiveCfg = MinSizeRel|Win32
		{F6F89D71-8236-39EA-AE21-D0F0B2BE7362}.MinSizeRel|Win32.Build.0 = MinSizeRel|Win32
		{F6F89D71-8236-39EA-AE21-D0F0B2BE7362}.RelWithDebInfo|Win32.ActiveCfg = RelWithDebInfo|Win32
		{F6F89D71-8236-39EA-AE21-D0F0B2BE7362}.RelWithDebInfo|Win32.Build.0 = RelWithDebInfo|Win32
		{C42A5964-4A04-32EA-85EF-14CB939A1605}.Debug|Win32.ActiveCfg = Debug|Win32
		{C42A5964-4A04-32EA-85EF-14CB939A1605}.Debug|Win32.Build.0 = Debug|Win32
		{C42A5964-4A04-32EA-85EF-14CB939A1605}.Release|Win32.ActiveCfg = Release|Win32
		{C42A5964-4A04-32EA-85EF-14CB939A1605}.Release|Win32.Build.0 = Release|Win32
		{C42A5964-4A04-32EA-85EF-14CB939A1605}.MinSizeRel|Win32.ActiveCfg = MinSizeRel|Win32
		{C42A5964-4A04-32EA-85EF-14CB939A1605}.MinSizeRel|Win32.Build.0 = MinSizeRel|Win32
		{C42A5964-4A04-32EA-85EF-14CB939A1605}.RelWithDebInfo|Win32.ActiveCfg = RelWithDebInfo|Win32
		{C42A5964-4A04-32EA-85EF-14CB939A1605}.RelWithDebInfo|Win32.Build.0 = RelWithDebInfo|Win32
		{04BEB3DC-565F-3F39-9274-A973DBD154F1}.Debug|Win32.ActiveCfg = Debug|Win32
		{04BEB3DC-565F-3F39-9274-A973DBD154F1}.Debug|Win32.Build.0 = Debug|Win32
		{04BEB3DC-565F-3F39-9274-A973DBD154F1}.Release|Win32.ActiveCfg = Release|Win32
		{04BEB3DC-565F-3F39-9274-A973DBD154F1}.Release|Win32.Build.0 = Release|Win32
		{04BEB3DC-565F-3F39-9274-A973DBD154F1}.MinSizeRel|Win32.ActiveCfg = MinSizeRel|Win32
		{04BEB3DC-565F-3F39-9274-A973DBD154F1}.MinSizeRel|Win32.Build.0 = MinSizeRel|Win32
		{04BEB3DC-565F-3F39-9274-A973DBD154F1}.RelWithDebInfo|Win32.ActiveCfg = RelWithDebInfo|Win32
		{04BEB3DC-565F-3F39-9274-A973DBD154F1}.RelWithDebInfo|Win32.Build.0 = RelWithDebInfo|Win32
		{A122E0FC-E388-365B-A36E-F6520108C58D}.Debug|Win32.ActiveCfg = Debug|Win32
		{A122E0FC-E388-365B-A36E-F6520108C58D}.Debug|Win32.Build.0 = Debug|Win32
		{A122E0FC-E388-365B-A36E-F6520108C58D}.Release|Win32.ActiveCfg = Release|Win32
		{A122E0FC-E388-365B-A36E-F6520108C58D}.Release|Win32.Build.0 = Release|Win32
		{A122E0FC-E388-365B-A36E-F6520108C58D}.MinSizeRel|Win32.ActiveCfg = MinSizeRel|Win32
		{A122E0FC-E388-365B-A36E-F6520108C58D}.MinSizeRel|Win32.Build.0 = MinSizeRel|Win32
		{A122E0FC-E388-365B-A36E-F6520108C58D}.RelWithDebInfo|Win32.ActiveCfg = RelWithDebInfo|Win32
		{A122E0FC-E388-365B-A36E-F6520108C58D}.RelWithDebInfo|Win32.Build.0 = RelWithDebInfo|Win32
	EndGlobalSection
	GlobalSection(ExtensibilityGlobals) = postSolution
		SolutionGuid = {4A7E6A4B-8821-338D-A8A4-262F2767BAAF}
	EndGlobalSection
	GlobalSection(ExtensibilityAddIns) = postSolution
	EndGlobalSection
EndGlobal
